// !$*UTF8*$!
{
	archiveVersion = 1;
	classes = {
	};
	objectVersion = 56;
	objects = {

/* Begin PBXBuildFile section */
		150C1A91290BEBEF0023D56E /* Simon_Game_iOSApp.swift in Sources */ = {isa = PBXBuildFile; fileRef = 150C1A90290BEBEF0023D56E /* Simon_Game_iOSApp.swift */; };
		150C1A93290BEBEF0023D56E /* ContentView.swift in Sources */ = {isa = PBXBuildFile; fileRef = 150C1A92290BEBEF0023D56E /* ContentView.swift */; };
		150C1A95290BEBEF0023D56E /* Assets.xcassets in Resources */ = {isa = PBXBuildFile; fileRef = 150C1A94290BEBEF0023D56E /* Assets.xcassets */; };
		150C1A98290BEBEF0023D56E /* Preview Assets.xcassets in Resources */ = {isa = PBXBuildFile; fileRef = 150C1A97290BEBEF0023D56E /* Preview Assets.xcassets */; };
		150C1AA1290BEC370023D56E /* GameView.swift in Sources */ = {isa = PBXBuildFile; fileRef = 150C1AA0290BEC370023D56E /* GameView.swift */; };
		150C1AA5290BEC6F0023D56E /* TileView.swift in Sources */ = {isa = PBXBuildFile; fileRef = 150C1AA4290BEC6F0023D56E /* TileView.swift */; };
		155FAA552911A8DB00F77B88 /* do.mp3 in Resources */ = {isa = PBXBuildFile; fileRef = 155FAA512911A8DB00F77B88 /* do.mp3 */; };
		155FAA562911A8DB00F77B88 /* fa.mp3 in Resources */ = {isa = PBXBuildFile; fileRef = 155FAA522911A8DB00F77B88 /* fa.mp3 */; };
		155FAA572911A8DB00F77B88 /* mi.mp3 in Resources */ = {isa = PBXBuildFile; fileRef = 155FAA532911A8DB00F77B88 /* mi.mp3 */; };
		155FAA582911A8DB00F77B88 /* re.mp3 in Resources */ = {isa = PBXBuildFile; fileRef = 155FAA542911A8DB00F77B88 /* re.mp3 */; };
		CD9998852912D46000DC1281 /* TileViewModel.swift in Sources */ = {isa = PBXBuildFile; fileRef = CD9998842912D46000DC1281 /* TileViewModel.swift */; };
		CD999887291330DE00DC1281 /* GameViewModel.swift in Sources */ = {isa = PBXBuildFile; fileRef = CD999886291330DE00DC1281 /* GameViewModel.swift */; };
/* End PBXBuildFile section */

/* Begin PBXFileReference section */
		150C1A8D290BEBEF0023D56E /* Simon Game iOS.app */ = {isa = PBXFileReference; explicitFileType = wrapper.application; includeInIndex = 0; path = "Simon Game iOS.app"; sourceTree = BUILT_PRODUCTS_DIR; };
		150C1A90290BEBEF0023D56E /* Simon_Game_iOSApp.swift */ = {isa = PBXFileReference; lastKnownFileType = sourcecode.swift; path = Simon_Game_iOSApp.swift; sourceTree = "<group>"; };
		150C1A92290BEBEF0023D56E /* ContentView.swift */ = {isa = PBXFileReference; lastKnownFileType = sourcecode.swift; path = ContentView.swift; sourceTree = "<group>"; };
		150C1A94290BEBEF0023D56E /* Assets.xcassets */ = {isa = PBXFileReference; lastKnownFileType = folder.assetcatalog; path = Assets.xcassets; sourceTree = "<group>"; };
		150C1A97290BEBEF0023D56E /* Preview Assets.xcassets */ = {isa = PBXFileReference; lastKnownFileType = folder.assetcatalog; path = "Preview Assets.xcassets"; sourceTree = "<group>"; };
		150C1AA0290BEC370023D56E /* GameView.swift */ = {isa = PBXFileReference; lastKnownFileType = sourcecode.swift; path = GameView.swift; sourceTree = "<group>"; };
		150C1AA4290BEC6F0023D56E /* TileView.swift */ = {isa = PBXFileReference; lastKnownFileType = sourcecode.swift; path = TileView.swift; sourceTree = "<group>"; };
		155FAA512911A8DB00F77B88 /* do.mp3 */ = {isa = PBXFileReference; lastKnownFileType = audio.mp3; path = do.mp3; sourceTree = "<group>"; };
		155FAA522911A8DB00F77B88 /* fa.mp3 */ = {isa = PBXFileReference; lastKnownFileType = audio.mp3; path = fa.mp3; sourceTree = "<group>"; };
		155FAA532911A8DB00F77B88 /* mi.mp3 */ = {isa = PBXFileReference; lastKnownFileType = audio.mp3; path = mi.mp3; sourceTree = "<group>"; };
		155FAA542911A8DB00F77B88 /* re.mp3 */ = {isa = PBXFileReference; lastKnownFileType = audio.mp3; path = re.mp3; sourceTree = "<group>"; };
		CD9998842912D46000DC1281 /* TileViewModel.swift */ = {isa = PBXFileReference; lastKnownFileType = sourcecode.swift; path = TileViewModel.swift; sourceTree = "<group>"; };
		CD999886291330DE00DC1281 /* GameViewModel.swift */ = {isa = PBXFileReference; lastKnownFileType = sourcecode.swift; path = GameViewModel.swift; sourceTree = "<group>"; };
/* End PBXFileReference section */

/* Begin PBXFrameworksBuildPhase section */
		150C1A8A290BEBEF0023D56E /* Frameworks */ = {
			isa = PBXFrameworksBuildPhase;
			buildActionMask = 2147483647;
			files = (
			);
			runOnlyForDeploymentPostprocessing = 0;
		};
/* End PBXFrameworksBuildPhase section */

/* Begin PBXGroup section */
		1507E6DE290C288F00C490AB /* Tile */ = {
			isa = PBXGroup;
			children = (
				CD9998842912D46000DC1281 /* TileViewModel.swift */,
				150C1AA4290BEC6F0023D56E /* TileView.swift */,
			);
			path = Tile;
			sourceTree = "<group>";
		};
		1507E6DF290C289B00C490AB /* Views */ = {
			isa = PBXGroup;
			children = (
				1507E6DE290C288F00C490AB /* Tile */,
				150C1A92290BEBEF0023D56E /* ContentView.swift */,
				CD999886291330DE00DC1281 /* GameViewModel.swift */,
				150C1AA0290BEC370023D56E /* GameView.swift */,
			);
			path = Views;
			sourceTree = "<group>";
		};
		150C1A84290BEBEF0023D56E = {
			isa = PBXGroup;
			children = (
				150C1A8F290BEBEF0023D56E /* Simon Game iOS */,
				150C1A8E290BEBEF0023D56E /* Products */,
			);
			sourceTree = "<group>";
		};
		150C1A8E290BEBEF0023D56E /* Products */ = {
			isa = PBXGroup;
			children = (
				150C1A8D290BEBEF0023D56E /* Simon Game iOS.app */,
			);
			name = Products;
			sourceTree = "<group>";
		};
		150C1A8F290BEBEF0023D56E /* Simon Game iOS */ = {
			isa = PBXGroup;
			children = (
				150C1A96290BEBEF0023D56E /* Preview Content */,
				150C1A94290BEBEF0023D56E /* Assets.xcassets */,
				150C1A90290BEBEF0023D56E /* Simon_Game_iOSApp.swift */,
				155FAA4D2911A50500F77B88 /* Audio */,
				1507E6DF290C289B00C490AB /* Views */,
			);
			path = "Simon Game iOS";
			sourceTree = "<group>";
		};
		150C1A96290BEBEF0023D56E /* Preview Content */ = {
			isa = PBXGroup;
			children = (
				150C1A97290BEBEF0023D56E /* Preview Assets.xcassets */,
			);
			path = "Preview Content";
			sourceTree = "<group>";
		};
		155FAA4D2911A50500F77B88 /* Audio */ = {
			isa = PBXGroup;
			children = (
				155FAA502911A8B700F77B88 /* Sounds */,
			);
			path = Audio;
			sourceTree = "<group>";
		};
		155FAA502911A8B700F77B88 /* Sounds */ = {
			isa = PBXGroup;
			children = (
				155FAA512911A8DB00F77B88 /* do.mp3 */,
				155FAA542911A8DB00F77B88 /* re.mp3 */,
				155FAA532911A8DB00F77B88 /* mi.mp3 */,
				155FAA522911A8DB00F77B88 /* fa.mp3 */,
			);
			path = Sounds;
			sourceTree = "<group>";
		};
/* End PBXGroup section */

/* Begin PBXNativeTarget section */
		150C1A8C290BEBEF0023D56E /* Simon Game iOS */ = {
			isa = PBXNativeTarget;
			buildConfigurationList = 150C1A9B290BEBEF0023D56E /* Build configuration list for PBXNativeTarget "Simon Game iOS" */;
			buildPhases = (
				150C1A89290BEBEF0023D56E /* Sources */,
				150C1A8A290BEBEF0023D56E /* Frameworks */,
				150C1A8B290BEBEF0023D56E /* Resources */,
			);
			buildRules = (
			);
			dependencies = (
			);
			name = "Simon Game iOS";
			productName = "Simon Game iOS";
			productReference = 150C1A8D290BEBEF0023D56E /* Simon Game iOS.app */;
			productType = "com.apple.product-type.application";
		};
/* End PBXNativeTarget section */

/* Begin PBXProject section */
		150C1A85290BEBEF0023D56E /* Project object */ = {
			isa = PBXProject;
			attributes = {
				BuildIndependentTargetsInParallel = 1;
				LastSwiftUpdateCheck = 1400;
				LastUpgradeCheck = 1400;
				TargetAttributes = {
					150C1A8C290BEBEF0023D56E = {
						CreatedOnToolsVersion = 14.0.1;
					};
				};
			};
			buildConfigurationList = 150C1A88290BEBEF0023D56E /* Build configuration list for PBXProject "Simon Game iOS" */;
			compatibilityVersion = "Xcode 14.0";
			developmentRegion = en;
			hasScannedForEncodings = 0;
			knownRegions = (
				en,
				Base,
			);
			mainGroup = 150C1A84290BEBEF0023D56E;
			productRefGroup = 150C1A8E290BEBEF0023D56E /* Products */;
			projectDirPath = "";
			projectRoot = "";
			targets = (
				150C1A8C290BEBEF0023D56E /* Simon Game iOS */,
			);
		};
/* End PBXProject section */

/* Begin PBXResourcesBuildPhase section */
		150C1A8B290BEBEF0023D56E /* Resources */ = {
			isa = PBXResourcesBuildPhase;
			buildActionMask = 2147483647;
			files = (
				155FAA572911A8DB00F77B88 /* mi.mp3 in Resources */,
				150C1A98290BEBEF0023D56E /* Preview Assets.xcassets in Resources */,
				150C1A95290BEBEF0023D56E /* Assets.xcassets in Resources */,
				155FAA552911A8DB00F77B88 /* do.mp3 in Resources */,
				155FAA562911A8DB00F77B88 /* fa.mp3 in Resources */,
				155FAA582911A8DB00F77B88 /* re.mp3 in Resources */,
			);
			runOnlyForDeploymentPostprocessing = 0;
		};
/* End PBXResourcesBuildPhase section */

/* Begin PBXSourcesBuildPhase section */
		150C1A89290BEBEF0023D56E /* Sources */ = {
			isa = PBXSourcesBuildPhase;
			buildActionMask = 2147483647;
			files = (
				CD999887291330DE00DC1281 /* GameViewModel.swift in Sources */,
				150C1A93290BEBEF0023D56E /* ContentView.swift in Sources */,
				150C1AA1290BEC370023D56E /* GameView.swift in Sources */,
				150C1A91290BEBEF0023D56E /* Simon_Game_iOSApp.swift in Sources */,
				150C1AA5290BEC6F0023D56E /* TileView.swift in Sources */,
				CD9998852912D46000DC1281 /* TileViewModel.swift in Sources */,
			);
			runOnlyForDeploymentPostprocessing = 0;
		};
/* End PBXSourcesBuildPhase section */

/* Begin XCBuildConfiguration section */
		150C1A99290BEBEF0023D56E /* Debug */ = {
			isa = XCBuildConfiguration;
			buildSettings = {
				ALWAYS_SEARCH_USER_PATHS = NO;
				CLANG_ANALYZER_NONNULL = YES;
				CLANG_ANALYZER_NUMBER_OBJECT_CONVERSION = YES_AGGRESSIVE;
				CLANG_CXX_LANGUAGE_STANDARD = "gnu++20";
				CLANG_ENABLE_MODULES = YES;
				CLANG_ENABLE_OBJC_ARC = YES;
				CLANG_ENABLE_OBJC_WEAK = YES;
				CLANG_WARN_BLOCK_CAPTURE_AUTORELEASING = YES;
				CLANG_WARN_BOOL_CONVERSION = YES;
				CLANG_WARN_COMMA = YES;
				CLANG_WARN_CONSTANT_CONVERSION = YES;
				CLANG_WARN_DEPRECATED_OBJC_IMPLEMENTATIONS = YES;
				CLANG_WARN_DIRECT_OBJC_ISA_USAGE = YES_ERROR;
				CLANG_WARN_DOCUMENTATION_COMMENTS = YES;
				CLANG_WARN_EMPTY_BODY = YES;
				CLANG_WARN_ENUM_CONVERSION = YES;
				CLANG_WARN_INFINITE_RECURSION = YES;
				CLANG_WARN_INT_CONVERSION = YES;
				CLANG_WARN_NON_LITERAL_NULL_CONVERSION = YES;
				CLANG_WARN_OBJC_IMPLICIT_RETAIN_SELF = YES;
				CLANG_WARN_OBJC_LITERAL_CONVERSION = YES;
				CLANG_WARN_OBJC_ROOT_CLASS = YES_ERROR;
				CLANG_WARN_QUOTED_INCLUDE_IN_FRAMEWORK_HEADER = YES;
				CLANG_WARN_RANGE_LOOP_ANALYSIS = YES;
				CLANG_WARN_STRICT_PROTOTYPES = YES;
				CLANG_WARN_SUSPICIOUS_MOVE = YES;
				CLANG_WARN_UNGUARDED_AVAILABILITY = YES_AGGRESSIVE;
				CLANG_WARN_UNREACHABLE_CODE = YES;
				CLANG_WARN__DUPLICATE_METHOD_MATCH = YES;
				COPY_PHASE_STRIP = NO;
				DEBUG_INFORMATION_FORMAT = dwarf;
				ENABLE_STRICT_OBJC_MSGSEND = YES;
				ENABLE_TESTABILITY = YES;
				GCC_C_LANGUAGE_STANDARD = gnu11;
				GCC_DYNAMIC_NO_PIC = NO;
				GCC_NO_COMMON_BLOCKS = YES;
				GCC_OPTIMIZATION_LEVEL = 0;
				GCC_PREPROCESSOR_DEFINITIONS = (
					"DEBUG=1",
					"$(inherited)",
				);
				GCC_WARN_64_TO_32_BIT_CONVERSION = YES;
				GCC_WARN_ABOUT_RETURN_TYPE = YES_ERROR;
				GCC_WARN_UNDECLARED_SELECTOR = YES;
				GCC_WARN_UNINITIALIZED_AUTOS = YES_AGGRESSIVE;
				GCC_WARN_UNUSED_FUNCTION = YES;
				GCC_WARN_UNUSED_VARIABLE = YES;
				IPHONEOS_DEPLOYMENT_TARGET = 16.0;
				MTL_ENABLE_DEBUG_INFO = INCLUDE_SOURCE;
				MTL_FAST_MATH = YES;
				ONLY_ACTIVE_ARCH = YES;
				SDKROOT = iphoneos;
				SWIFT_ACTIVE_COMPILATION_CONDITIONS = DEBUG;
				SWIFT_OPTIMIZATION_LEVEL = "-Onone";
			};
			name = Debug;
		};
		150C1A9A290BEBEF0023D56E /* Release */ = {
			isa = XCBuildConfiguration;
			buildSettings = {
				ALWAYS_SEARCH_USER_PATHS = NO;
				CLANG_ANALYZER_NONNULL = YES;
				CLANG_ANALYZER_NUMBER_OBJECT_CONVERSION = YES_AGGRESSIVE;
				CLANG_CXX_LANGUAGE_STANDARD = "gnu++20";
				CLANG_ENABLE_MODULES = YES;
				CLANG_ENABLE_OBJC_ARC = YES;
				CLANG_ENABLE_OBJC_WEAK = YES;
				CLANG_WARN_BLOCK_CAPTURE_AUTORELEASING = YES;
				CLANG_WARN_BOOL_CONVERSION = YES;
				CLANG_WARN_COMMA = YES;
				CLANG_WARN_CONSTANT_CONVERSION = YES;
				CLANG_WARN_DEPRECATED_OBJC_IMPLEMENTATIONS = YES;
				CLANG_WARN_DIRECT_OBJC_ISA_USAGE = YES_ERROR;
				CLANG_WARN_DOCUMENTATION_COMMENTS = YES;
				CLANG_WARN_EMPTY_BODY = YES;
				CLANG_WARN_ENUM_CONVERSION = YES;
				CLANG_WARN_INFINITE_RECURSION = YES;
				CLANG_WARN_INT_CONVERSION = YES;
				CLANG_WARN_NON_LITERAL_NULL_CONVERSION = YES;
				CLANG_WARN_OBJC_IMPLICIT_RETAIN_SELF = YES;
				CLANG_WARN_OBJC_LITERAL_CONVERSION = YES;
				CLANG_WARN_OBJC_ROOT_CLASS = YES_ERROR;
				CLANG_WARN_QUOTED_INCLUDE_IN_FRAMEWORK_HEADER = YES;
				CLANG_WARN_RANGE_LOOP_ANALYSIS = YES;
				CLANG_WARN_STRICT_PROTOTYPES = YES;
				CLANG_WARN_SUSPICIOUS_MOVE = YES;
				CLANG_WARN_UNGUARDED_AVAILABILITY = YES_AGGRESSIVE;
				CLANG_WARN_UNREACHABLE_CODE = YES;
				CLANG_WARN__DUPLICATE_METHOD_MATCH = YES;
				COPY_PHASE_STRIP = NO;
				DEBUG_INFORMATION_FORMAT = "dwarf-with-dsym";
				ENABLE_NS_ASSERTIONS = NO;
				ENABLE_STRICT_OBJC_MSGSEND = YES;
				GCC_C_LANGUAGE_STANDARD = gnu11;
				GCC_NO_COMMON_BLOCKS = YES;
				GCC_WARN_64_TO_32_BIT_CONVERSION = YES;
				GCC_WARN_ABOUT_RETURN_TYPE = YES_ERROR;
				GCC_WARN_UNDECLARED_SELECTOR = YES;
				GCC_WARN_UNINITIALIZED_AUTOS = YES_AGGRESSIVE;
				GCC_WARN_UNUSED_FUNCTION = YES;
				GCC_WARN_UNUSED_VARIABLE = YES;
				IPHONEOS_DEPLOYMENT_TARGET = 16.0;
				MTL_ENABLE_DEBUG_INFO = NO;
				MTL_FAST_MATH = YES;
				SDKROOT = iphoneos;
				SWIFT_COMPILATION_MODE = wholemodule;
				SWIFT_OPTIMIZATION_LEVEL = "-O";
				VALIDATE_PRODUCT = YES;
			};
			name = Release;
		};
		150C1A9C290BEBEF0023D56E /* Debug */ = {
			isa = XCBuildConfiguration;
			buildSettings = {
				ASSETCATALOG_COMPILER_APPICON_NAME = AppIcon;
				ASSETCATALOG_COMPILER_GLOBAL_ACCENT_COLOR_NAME = AccentColor;
				CODE_SIGN_STYLE = Automatic;
				CURRENT_PROJECT_VERSION = 1;
				DEVELOPMENT_ASSET_PATHS = "\"Simon Game iOS/Preview Content\"";
				DEVELOPMENT_TEAM = TK83CG584J;
				ENABLE_PREVIEWS = YES;
				GENERATE_INFOPLIST_FILE = YES;
				INFOPLIST_KEY_UIApplicationSceneManifest_Generation = YES;
				INFOPLIST_KEY_UIApplicationSupportsIndirectInputEvents = YES;
				INFOPLIST_KEY_UILaunchScreen_Generation = YES;
				INFOPLIST_KEY_UISupportedInterfaceOrientations_iPad = "UIInterfaceOrientationPortrait UIInterfaceOrientationPortraitUpsideDown UIInterfaceOrientationLandscapeLeft UIInterfaceOrientationLandscapeRight";
				INFOPLIST_KEY_UISupportedInterfaceOrientations_iPhone = "UIInterfaceOrientationPortrait UIInterfaceOrientationLandscapeLeft UIInterfaceOrientationLandscapeRight";
				LD_RUNPATH_SEARCH_PATHS = (
					"$(inherited)",
					"@executable_path/Frameworks",
				);
				MARKETING_VERSION = 1.0;
				PRODUCT_BUNDLE_IDENTIFIER = "com.bbwark.Simon-Game-iOS";
				PRODUCT_NAME = "$(TARGET_NAME)";
				SWIFT_EMIT_LOC_STRINGS = YES;
				SWIFT_VERSION = 5.0;
				TARGETED_DEVICE_FAMILY = "1,2";
			};
			name = Debug;
		};
		150C1A9D290BEBEF0023D56E /* Release */ = {
			isa = XCBuildConfiguration;
			buildSettings = {
				ASSETCATALOG_COMPILER_APPICON_NAME = AppIcon;
				ASSETCATALOG_COMPILER_GLOBAL_ACCENT_COLOR_NAME = AccentColor;
				CODE_SIGN_STYLE = Automatic;
				CURRENT_PROJECT_VERSION = 1;
				DEVELOPMENT_ASSET_PATHS = "\"Simon Game iOS/Preview Content\"";
				DEVELOPMENT_TEAM = TK83CG584J;
				ENABLE_PREVIEWS = YES;
				GENERATE_INFOPLIST_FILE = YES;
				INFOPLIST_KEY_UIApplicationSceneManifest_Generation = YES;
				INFOPLIST_KEY_UIApplicationSupportsIndirectInputEvents = YES;
				INFOPLIST_KEY_UILaunchScreen_Generation = YES;
				INFOPLIST_KEY_UISupportedInterfaceOrientations_iPad = "UIInterfaceOrientationPortrait UIInterfaceOrientationPortraitUpsideDown UIInterfaceOrientationLandscapeLeft UIInterfaceOrientationLandscapeRight";
				INFOPLIST_KEY_UISupportedInterfaceOrientations_iPhone = "UIInterfaceOrientationPortrait UIInterfaceOrientationLandscapeLeft UIInterfaceOrientationLandscapeRight";
				LD_RUNPATH_SEARCH_PATHS = (
					"$(inherited)",
					"@executable_path/Frameworks",
				);
				MARKETING_VERSION = 1.0;
				PRODUCT_BUNDLE_IDENTIFIER = "com.bbwark.Simon-Game-iOS";
				PRODUCT_NAME = "$(TARGET_NAME)";
				SWIFT_EMIT_LOC_STRINGS = YES;
				SWIFT_VERSION = 5.0;
				TARGETED_DEVICE_FAMILY = "1,2";
			};
			name = Release;
		};
/* End XCBuildConfiguration section */

/* Begin XCConfigurationList section */
		150C1A88290BEBEF0023D56E /* Build configuration list for PBXProject "Simon Game iOS" */ = {
			isa = XCConfigurationList;
			buildConfigurations = (
				150C1A99290BEBEF0023D56E /* Debug */,
				150C1A9A290BEBEF0023D56E /* Release */,
			);
			defaultConfigurationIsVisible = 0;
			defaultConfigurationName = Release;
		};
		150C1A9B290BEBEF0023D56E /* Build configuration list for PBXNativeTarget "Simon Game iOS" */ = {
			isa = XCConfigurationList;
			buildConfigurations = (
				150C1A9C290BEBEF0023D56E /* Debug */,
				150C1A9D290BEBEF0023D56E /* Release */,
			);
			defaultConfigurationIsVisible = 0;
			defaultConfigurationName = Release;
		};
/* End XCConfigurationList section */
	};
	rootObject = 150C1A85290BEBEF0023D56E /* Project object */;
}
